
Microsoft Visual Studio Solution File, Format Version 12.00
# Visual Studio 15
VisualStudioVersion = 15.0.27520.0
MinimumVisualStudioVersion = 10.0.40219.1
Project("{2150E333-8FDC-42A3-9474-1A3956D46DE8}") = "src", "src", "{2EF9FA46-FA13-4B08-BC50-8ADA5152F789}"
EndProject
Project("{9A19103F-16F7-4668-BE54-9A1E7A4F7556}") = "Crudify.Core", "src\Crudify.Core\Crudify.Core.csproj", "{E37D2CFF-2094-4ABA-B744-8E6895459F8F}"
EndProject
Project("{2150E333-8FDC-42A3-9474-1A3956D46DE8}") = "Solution Items", "Solution Items", "{E5631971-4ACA-4936-B49B-F28ECF4B6503}"
	ProjectSection(SolutionItems) = preProject
		LICENSE = LICENSE
		README.md = README.md
	EndProjectSection
EndProject
Global
	GlobalSection(SolutionConfigurationPlatforms) = preSolution
		Debug|Any CPU = Debug|Any CPU
		Release|Any CPU = Release|Any CPU
	EndGlobalSection
	GlobalSection(ProjectConfigurationPlatforms) = postSolution
		{E37D2CFF-2094-4ABA-B744-8E6895459F8F}.Debug|Any CPU.ActiveCfg = Debug|Any CPU
		{E37D2CFF-2094-4ABA-B744-8E6895459F8F}.Debug|Any CPU.Build.0 = Debug|Any CPU
		{E37D2CFF-2094-4ABA-B744-8E6895459F8F}.Release|Any CPU.ActiveCfg = Release|Any CPU
		{E37D2CFF-2094-4ABA-B744-8E6895459F8F}.Release|Any CPU.Build.0 = Release|Any CPU
	EndGlobalSection
	GlobalSection(SolutionProperties) = preSolution
		HideSolutionNode = FALSE
	EndGlobalSection
	GlobalSection(NestedProjects) = preSolution
		{E37D2CFF-2094-4ABA-B744-8E6895459F8F} = {2EF9FA46-FA13-4B08-BC50-8ADA5152F789}
	EndGlobalSection
	GlobalSection(ExtensibilityGlobals) = postSolution
		SolutionGuid = {1802FC0A-1E32-4386-ACDD-7DE92E14B83D}
	EndGlobalSection
EndGlobal
